
Microsoft Visual Studio Solution File, Format Version 12.00
# Visual Studio Version 16
VisualStudioVersion = 16.0.31702.278
MinimumVisualStudioVersion = 10.0.40219.1
Project("{FAE04EC0-301F-11D3-BF4B-00C04F79EFBC}") = "Odev1", "Odev1\Odev1.csproj", "{FE5CDF59-5D84-4B95-A499-0DFD64DF0E98}"
EndProject
Global
	GlobalSection(SolutionConfigurationPlatforms) = preSolution
		Debug|Any CPU = Debug|Any CPU
		Release|Any CPU = Release|Any CPU
	EndGlobalSection
	GlobalSection(ProjectConfigurationPlatforms) = postSolution
		{FE5CDF59-5D84-4B95-A499-0DFD64DF0E98}.Debug|Any CPU.ActiveCfg = Debug|Any CPU
		{FE5CDF59-5D84-4B95-A499-0DFD64DF0E98}.Debug|Any CPU.Build.0 = Debug|Any CPU
		{FE5CDF59-5D84-4B95-A499-0DFD64DF0E98}.Release|Any CPU.ActiveCfg = Release|Any CPU
		{FE5CDF59-5D84-4B95-A499-0DFD64DF0E98}.Release|Any CPU.Build.0 = Release|Any CPU
	EndGlobalSection
	GlobalSection(SolutionProperties) = preSolution
		HideSolutionNode = FALSE
	EndGlobalSection
	GlobalSection(ExtensibilityGlobals) = postSolution
		SolutionGuid = {4D9E3587-DF6E-4517-BFB6-354F766A0A7C}
	EndGlobalSection
EndGlobal
